
Microsoft Visual Studio Solution File, Format Version 12.00
# Visual Studio Version 17
VisualStudioVersion = 17.5.33414.496
MinimumVisualStudioVersion = 10.0.40219.1
Project("{9A19103F-16F7-4668-BE54-9A1E7A4F7556}") = "UdpAsTcp", "UdpAsTcp\UdpAsTcp.csproj", "{8C9AE17F-0B23-484B-AB09-D632F7ADB84E}"
EndProject
Project("{9A19103F-16F7-4668-BE54-9A1E7A4F7556}") = "ServerTest", "ServerTest\ServerTest.csproj", "{5C08942E-1788-4175-B2A8-314BEEA35764}"
EndProject
Project("{9A19103F-16F7-4668-BE54-9A1E7A4F7556}") = "ClientTest", "ClientTest\ClientTest.csproj", "{05EAD23E-C39F-4B26-BB9E-B35E6910F206}"
EndProject
Project("{2150E333-8FDC-42A3-9474-1A3956D46DE8}") = "doc", "doc", "{740DE96D-1E6B-4230-84DD-EBD7867C9EC3}"
	ProjectSection(SolutionItems) = preProject
		..\..\README.md = ..\..\README.md
	EndProjectSection
EndProject
Global
	GlobalSection(SolutionConfigurationPlatforms) = preSolution
		Debug|Any CPU = Debug|Any CPU
		Release|Any CPU = Release|Any CPU
	EndGlobalSection
	GlobalSection(ProjectConfigurationPlatforms) = postSolution
		{8C9AE17F-0B23-484B-AB09-D632F7ADB84E}.Debug|Any CPU.ActiveCfg = Debug|Any CPU
		{8C9AE17F-0B23-484B-AB09-D632F7ADB84E}.Debug|Any CPU.Build.0 = Debug|Any CPU
		{8C9AE17F-0B23-484B-AB09-D632F7ADB84E}.Release|Any CPU.ActiveCfg = Release|Any CPU
		{8C9AE17F-0B23-484B-AB09-D632F7ADB84E}.Release|Any CPU.Build.0 = Release|Any CPU
		{5C08942E-1788-4175-B2A8-314BEEA35764}.Debug|Any CPU.ActiveCfg = Debug|Any CPU
		{5C08942E-1788-4175-B2A8-314BEEA35764}.Debug|Any CPU.Build.0 = Debug|Any CPU
		{5C08942E-1788-4175-B2A8-314BEEA35764}.Release|Any CPU.ActiveCfg = Release|Any CPU
		{5C08942E-1788-4175-B2A8-314BEEA35764}.Release|Any CPU.Build.0 = Release|Any CPU
		{05EAD23E-C39F-4B26-BB9E-B35E6910F206}.Debug|Any CPU.ActiveCfg = Debug|Any CPU
		{05EAD23E-C39F-4B26-BB9E-B35E6910F206}.Debug|Any CPU.Build.0 = Debug|Any CPU
		{05EAD23E-C39F-4B26-BB9E-B35E6910F206}.Release|Any CPU.ActiveCfg = Release|Any CPU
		{05EAD23E-C39F-4B26-BB9E-B35E6910F206}.Release|Any CPU.Build.0 = Release|Any CPU
	EndGlobalSection
	GlobalSection(SolutionProperties) = preSolution
		HideSolutionNode = FALSE
	EndGlobalSection
	GlobalSection(ExtensibilityGlobals) = postSolution
		SolutionGuid = {A345BC52-5E79-44B4-A01C-28A20FEA8E9D}
	EndGlobalSection
EndGlobal
